
Microsoft Visual Studio Solution File, Format Version 12.00
# Visual Studio 15
VisualStudioVersion = 15.0.27004.2002
MinimumVisualStudioVersion = 10.0.40219.1
Project("{9A19103F-16F7-4668-BE54-9A1E7A4F7556}") = "Api", "Api\Api.csproj", "{E2D646A8-C88A-4858-9462-A2D0F62FD2F2}"
EndProject
Global
	GlobalSection(SolutionConfigurationPlatforms) = preSolution
		Debug|Any CPU = Debug|Any CPU
		Release|Any CPU = Release|Any CPU
	EndGlobalSection
	GlobalSection(ProjectConfigurationPlatforms) = postSolution
		{E2D646A8-C88A-4858-9462-A2D0F62FD2F2}.Debug|Any CPU.ActiveCfg = Debug|Any CPU
		{E2D646A8-C88A-4858-9462-A2D0F62FD2F2}.Debug|Any CPU.Build.0 = Debug|Any CPU
		{E2D646A8-C88A-4858-9462-A2D0F62FD2F2}.Release|Any CPU.ActiveCfg = Release|Any CPU
		{E2D646A8-C88A-4858-9462-A2D0F62FD2F2}.Release|Any CPU.Build.0 = Release|Any CPU
	EndGlobalSection
	GlobalSection(SolutionProperties) = preSolution
		HideSolutionNode = FALSE
	EndGlobalSection
	GlobalSection(ExtensibilityGlobals) = postSolution
		SolutionGuid = {A8D151DC-F820-4EA7-82C6-3D71F46A7DAD}
	EndGlobalSection
EndGlobal
