
Microsoft Visual Studio Solution File, Format Version 12.00
# Visual Studio 15
VisualStudioVersion = 15.0.28010.2041
MinimumVisualStudioVersion = 10.0.40219.1
Project("{FAE04EC0-301F-11D3-BF4B-00C04F79EFBC}") = "Zsunapi", "Zsunapi\Zsunapi.csproj", "{CAEAC733-B2D4-490C-B566-99AF0DF149D9}"
EndProject
Global
	GlobalSection(SolutionConfigurationPlatforms) = preSolution
		Debug|Any CPU = Debug|Any CPU
		Release|Any CPU = Release|Any CPU
	EndGlobalSection
	GlobalSection(ProjectConfigurationPlatforms) = postSolution
		{CAEAC733-B2D4-490C-B566-99AF0DF149D9}.Debug|Any CPU.ActiveCfg = Debug|Any CPU
		{CAEAC733-B2D4-490C-B566-99AF0DF149D9}.Debug|Any CPU.Build.0 = Debug|Any CPU
		{CAEAC733-B2D4-490C-B566-99AF0DF149D9}.Release|Any CPU.ActiveCfg = Release|Any CPU
		{CAEAC733-B2D4-490C-B566-99AF0DF149D9}.Release|Any CPU.Build.0 = Release|Any CPU
	EndGlobalSection
	GlobalSection(SolutionProperties) = preSolution
		HideSolutionNode = FALSE
	EndGlobalSection
	GlobalSection(ExtensibilityGlobals) = postSolution
		SolutionGuid = {CC8BD625-5EED-469A-9358-61E907C1CA17}
	EndGlobalSection
EndGlobal
